// !$*UTF8*$!
{
	archiveVersion = 1;
	classes = {
	};
	objectVersion = 55;
	objects = {

/* Begin PBXBuildFile section */
		8BE7186027480685003C5CC9 /* AppDelegate.swift in Sources */ = {isa = PBXBuildFile; fileRef = 8BE7185F27480685003C5CC9 /* AppDelegate.swift */; };
		8BE7186227480685003C5CC9 /* SceneDelegate.swift in Sources */ = {isa = PBXBuildFile; fileRef = 8BE7186127480685003C5CC9 /* SceneDelegate.swift */; };
		8BE7186427480685003C5CC9 /* ViewController.swift in Sources */ = {isa = PBXBuildFile; fileRef = 8BE7186327480685003C5CC9 /* ViewController.swift */; };
		8BE7186727480685003C5CC9 /* Main.storyboard in Resources */ = {isa = PBXBuildFile; fileRef = 8BE7186527480685003C5CC9 /* Main.storyboard */; };
		8BE7186927480687003C5CC9 /* Assets.xcassets in Resources */ = {isa = PBXBuildFile; fileRef = 8BE7186827480687003C5CC9 /* Assets.xcassets */; };
		8BE7186C27480687003C5CC9 /* LaunchScreen.storyboard in Resources */ = {isa = PBXBuildFile; fileRef = 8BE7186A27480687003C5CC9 /* LaunchScreen.storyboard */; };
		8BE7187727480687003C5CC9 /* LoginWithMVVMTests.swift in Sources */ = {isa = PBXBuildFile; fileRef = 8BE7187627480687003C5CC9 /* LoginWithMVVMTests.swift */; };
		8BE7188127480687003C5CC9 /* LoginWithMVVMUITests.swift in Sources */ = {isa = PBXBuildFile; fileRef = 8BE7188027480687003C5CC9 /* LoginWithMVVMUITests.swift */; };
		8BE7188327480687003C5CC9 /* LoginWithMVVMUITestsLaunchTests.swift in Sources */ = {isa = PBXBuildFile; fileRef = 8BE7188227480687003C5CC9 /* LoginWithMVVMUITestsLaunchTests.swift */; };
/* End PBXBuildFile section */

/* Begin PBXContainerItemProxy section */
		8BE7187327480687003C5CC9 /* PBXContainerItemProxy */ = {
			isa = PBXContainerItemProxy;
			containerPortal = 8BE7185427480685003C5CC9 /* Project object */;
			proxyType = 1;
			remoteGlobalIDString = 8BE7185B27480685003C5CC9;
			remoteInfo = LoginWithMVVM;
		};
		8BE7187D27480687003C5CC9 /* PBXContainerItemProxy */ = {
			isa = PBXContainerItemProxy;
			containerPortal = 8BE7185427480685003C5CC9 /* Project object */;
			proxyType = 1;
			remoteGlobalIDString = 8BE7185B27480685003C5CC9;
			remoteInfo = LoginWithMVVM;
		};
/* End PBXContainerItemProxy section */

/* Begin PBXFileReference section */
		8BE7185C27480685003C5CC9 /* LoginWithMVVM.app */ = {isa = PBXFileReference; explicitFileType = wrapper.application; includeInIndex = 0; path = LoginWithMVVM.app; sourceTree = BUILT_PRODUCTS_DIR; };
		8BE7185F27480685003C5CC9 /* AppDelegate.swift */ = {isa = PBXFileReference; lastKnownFileType = sourcecode.swift; path = AppDelegate.swift; sourceTree = "<group>"; };
		8BE7186127480685003C5CC9 /* SceneDelegate.swift */ = {isa = PBXFileReference; lastKnownFileType = sourcecode.swift; path = SceneDelegate.swift; sourceTree = "<group>"; };
		8BE7186327480685003C5CC9 /* ViewController.swift */ = {isa = PBXFileReference; lastKnownFileType = sourcecode.swift; path = ViewController.swift; sourceTree = "<group>"; };
		8BE7186627480685003C5CC9 /* Base */ = {isa = PBXFileReference; lastKnownFileType = file.storyboard; name = Base; path = Base.lproj/Main.storyboard; sourceTree = "<group>"; };
		8BE7186827480687003C5CC9 /* Assets.xcassets */ = {isa = PBXFileReference; lastKnownFileType = folder.assetcatalog; path = Assets.xcassets; sourceTree = "<group>"; };
		8BE7186B27480687003C5CC9 /* Base */ = {isa = PBXFileReference; lastKnownFileType = file.storyboard; name = Base; path = Base.lproj/LaunchScreen.storyboard; sourceTree = "<group>"; };
		8BE7186D27480687003C5CC9 /* Info.plist */ = {isa = PBXFileReference; lastKnownFileType = text.plist.xml; path = Info.plist; sourceTree = "<group>"; };
		8BE7187227480687003C5CC9 /* LoginWithMVVMTests.xctest */ = {isa = PBXFileReference; explicitFileType = wrapper.cfbundle; includeInIndex = 0; path = LoginWithMVVMTests.xctest; sourceTree = BUILT_PRODUCTS_DIR; };
		8BE7187627480687003C5CC9 /* LoginWithMVVMTests.swift */ = {isa = PBXFileReference; lastKnownFileType = sourcecode.swift; path = LoginWithMVVMTests.swift; sourceTree = "<group>"; };
		8BE7187C27480687003C5CC9 /* LoginWithMVVMUITests.xctest */ = {isa = PBXFileReference; explicitFileType = wrapper.cfbundle; includeInIndex = 0; path = LoginWithMVVMUITests.xctest; sourceTree = BUILT_PRODUCTS_DIR; };
		8BE7188027480687003C5CC9 /* LoginWithMVVMUITests.swift */ = {isa = PBXFileReference; lastKnownFileType = sourcecode.swift; path = LoginWithMVVMUITests.swift; sourceTree = "<group>"; };
		8BE7188227480687003C5CC9 /* LoginWithMVVMUITestsLaunchTests.swift */ = {isa = PBXFileReference; lastKnownFileType = sourcecode.swift; path = LoginWithMVVMUITestsLaunchTests.swift; sourceTree = "<group>"; };
/* End PBXFileReference section */

/* Begin PBXFrameworksBuildPhase section */
		8BE7185927480685003C5CC9 /* Frameworks */ = {
			isa = PBXFrameworksBuildPhase;
			buildActionMask = 2147483647;
			files = (
			);
			runOnlyForDeploymentPostprocessing = 0;
		};
		8BE7186F27480687003C5CC9 /* Frameworks */ = {
			isa = PBXFrameworksBuildPhase;
			buildActionMask = 2147483647;
			files = (
			);
			runOnlyForDeploymentPostprocessing = 0;
		};
		8BE7187927480687003C5CC9 /* Frameworks */ = {
			isa = PBXFrameworksBuildPhase;
			buildActionMask = 2147483647;
			files = (
			);
			runOnlyForDeploymentPostprocessing = 0;
		};
/* End PBXFrameworksBuildPhase section */

/* Begin PBXGroup section */
		8BE7185327480685003C5CC9 = {
			isa = PBXGroup;
			children = (
				8BE7185E27480685003C5CC9 /* LoginWithMVVM */,
				8BE7187527480687003C5CC9 /* LoginWithMVVMTests */,
				8BE7187F27480687003C5CC9 /* LoginWithMVVMUITests */,
				8BE7185D27480685003C5CC9 /* Products */,
			);
			sourceTree = "<group>";
		};
		8BE7185D27480685003C5CC9 /* Products */ = {
			isa = PBXGroup;
			children = (
				8BE7185C27480685003C5CC9 /* LoginWithMVVM.app */,
				8BE7187227480687003C5CC9 /* LoginWithMVVMTests.xctest */,
				8BE7187C27480687003C5CC9 /* LoginWithMVVMUITests.xctest */,
			);
			name = Products;
			sourceTree = "<group>";
		};
		8BE7185E27480685003C5CC9 /* LoginWithMVVM */ = {
			isa = PBXGroup;
			children = (
				8BE7185F27480685003C5CC9 /* AppDelegate.swift */,
				8BE7186127480685003C5CC9 /* SceneDelegate.swift */,
				8BE7186327480685003C5CC9 /* ViewController.swift */,
				8BE7186527480685003C5CC9 /* Main.storyboard */,
				8BE7186827480687003C5CC9 /* Assets.xcassets */,
				8BE7186A27480687003C5CC9 /* LaunchScreen.storyboard */,
				8BE7186D27480687003C5CC9 /* Info.plist */,
			);
			path = LoginWithMVVM;
			sourceTree = "<group>";
		};
		8BE7187527480687003C5CC9 /* LoginWithMVVMTests */ = {
			isa = PBXGroup;
			children = (
				8BE7187627480687003C5CC9 /* LoginWithMVVMTests.swift */,
			);
			path = LoginWithMVVMTests;
			sourceTree = "<group>";
		};
		8BE7187F27480687003C5CC9 /* LoginWithMVVMUITests */ = {
			isa = PBXGroup;
			children = (
				8BE7188027480687003C5CC9 /* LoginWithMVVMUITests.swift */,
				8BE7188227480687003C5CC9 /* LoginWithMVVMUITestsLaunchTests.swift */,
			);
			path = LoginWithMVVMUITests;
			sourceTree = "<group>";
		};
/* End PBXGroup section */

/* Begin PBXNativeTarget section */
		8BE7185B27480685003C5CC9 /* LoginWithMVVM */ = {
			isa = PBXNativeTarget;
			buildConfigurationList = 8BE7188627480687003C5CC9 /* Build configuration list for PBXNativeTarget "LoginWithMVVM" */;
			buildPhases = (
				8BE7185827480685003C5CC9 /* Sources */,
				8BE7185927480685003C5CC9 /* Frameworks */,
				8BE7185A27480685003C5CC9 /* Resources */,
			);
			buildRules = (
			);
			dependencies = (
			);
			name = LoginWithMVVM;
			productName = LoginWithMVVM;
			productReference = 8BE7185C27480685003C5CC9 /* LoginWithMVVM.app */;
			productType = "com.apple.product-type.application";
		};
		8BE7187127480687003C5CC9 /* LoginWithMVVMTests */ = {
			isa = PBXNativeTarget;
			buildConfigurationList = 8BE7188927480687003C5CC9 /* Build configuration list for PBXNativeTarget "LoginWithMVVMTests" */;
			buildPhases = (
				8BE7186E27480687003C5CC9 /* Sources */,
				8BE7186F27480687003C5CC9 /* Frameworks */,
				8BE7187027480687003C5CC9 /* Resources */,
			);
			buildRules = (
			);
			dependencies = (
				8BE7187427480687003C5CC9 /* PBXTargetDependency */,
			);
			name = LoginWithMVVMTests;
			productName = LoginWithMVVMTests;
			productReference = 8BE7187227480687003C5CC9 /* LoginWithMVVMTests.xctest */;
			productType = "com.apple.product-type.bundle.unit-test";
		};
		8BE7187B27480687003C5CC9 /* LoginWithMVVMUITests */ = {
			isa = PBXNativeTarget;
			buildConfigurationList = 8BE7188C27480687003C5CC9 /* Build configuration list for PBXNativeTarget "LoginWithMVVMUITests" */;
			buildPhases = (
				8BE7187827480687003C5CC9 /* Sources */,
				8BE7187927480687003C5CC9 /* Frameworks */,
				8BE7187A27480687003C5CC9 /* Resources */,
			);
			buildRules = (
			);
			dependencies = (
				8BE7187E27480687003C5CC9 /* PBXTargetDependency */,
			);
			name = LoginWithMVVMUITests;
			productName = LoginWithMVVMUITests;
			productReference = 8BE7187C27480687003C5CC9 /* LoginWithMVVMUITests.xctest */;
			productType = "com.apple.product-type.bundle.ui-testing";
		};
/* End PBXNativeTarget section */

/* Begin PBXProject section */
		8BE7185427480685003C5CC9 /* Project object */ = {
			isa = PBXProject;
			attributes = {
				BuildIndependentTargetsInParallel = 1;
				LastSwiftUpdateCheck = 1310;
				LastUpgradeCheck = 1310;
				TargetAttributes = {
					8BE7185B27480685003C5CC9 = {
						CreatedOnToolsVersion = 13.1;
					};
					8BE7187127480687003C5CC9 = {
						CreatedOnToolsVersion = 13.1;
						TestTargetID = 8BE7185B27480685003C5CC9;
					};
					8BE7187B27480687003C5CC9 = {
						CreatedOnToolsVersion = 13.1;
						TestTargetID = 8BE7185B27480685003C5CC9;
					};
				};
			};
			buildConfigurationList = 8BE7185727480685003C5CC9 /* Build configuration list for PBXProject "LoginWithMVVM" */;
			compatibilityVersion = "Xcode 13.0";
			developmentRegion = en;
			hasScannedForEncodings = 0;
			knownRegions = (
				en,
				Base,
			);
			mainGroup = 8BE7185327480685003C5CC9;
			productRefGroup = 8BE7185D27480685003C5CC9 /* Products */;
			projectDirPath = "";
			projectRoot = "";
			targets = (
				8BE7185B27480685003C5CC9 /* LoginWithMVVM */,
				8BE7187127480687003C5CC9 /* LoginWithMVVMTests */,
				8BE7187B27480687003C5CC9 /* LoginWithMVVMUITests */,
			);
		};
/* End PBXProject section */

/* Begin PBXResourcesBuildPhase section */
		8BE7185A27480685003C5CC9 /* Resources */ = {
			isa = PBXResourcesBuildPhase;
			buildActionMask = 2147483647;
			files = (
				8BE7186C27480687003C5CC9 /* LaunchScreen.storyboard in Resources */,
				8BE7186927480687003C5CC9 /* Assets.xcassets in Resources */,
				8BE7186727480685003C5CC9 /* Main.storyboard in Resources */,
			);
			runOnlyForDeploymentPostprocessing = 0;
		};
		8BE7187027480687003C5CC9 /* Resources */ = {
			isa = PBXResourcesBuildPhase;
			buildActionMask = 2147483647;
			files = (
			);
			runOnlyForDeploymentPostprocessing = 0;
		};
		8BE7187A27480687003C5CC9 /* Resources */ = {
			isa = PBXResourcesBuildPhase;
			buildActionMask = 2147483647;
			files = (
			);
			runOnlyForDeploymentPostprocessing = 0;
		};
/* End PBXResourcesBuildPhase section */

/* Begin PBXSourcesBuildPhase section */
		8BE7185827480685003C5CC9 /* Sources */ = {
			isa = PBXSourcesBuildPhase;
			buildActionMask = 2147483647;
			files = (
				8BE7186427480685003C5CC9 /* ViewController.swift in Sources */,
				8BE7186027480685003C5CC9 /* AppDelegate.swift in Sources */,
				8BE7186227480685003C5CC9 /* SceneDelegate.swift in Sources */,
			);
			runOnlyForDeploymentPostprocessing = 0;
		};
		8BE7186E27480687003C5CC9 /* Sources */ = {
			isa = PBXSourcesBuildPhase;
			buildActionMask = 2147483647;
			files = (
				8BE7187727480687003C5CC9 /* LoginWithMVVMTests.swift in Sources */,
			);
			runOnlyForDeploymentPostprocessing = 0;
		};
		8BE7187827480687003C5CC9 /* Sources */ = {
			isa = PBXSourcesBuildPhase;
			buildActionMask = 2147483647;
			files = (
				8BE7188327480687003C5CC9 /* LoginWithMVVMUITestsLaunchTests.swift in Sources */,
				8BE7188127480687003C5CC9 /* LoginWithMVVMUITests.swift in Sources */,
			);
			runOnlyForDeploymentPostprocessing = 0;
		};
/* End PBXSourcesBuildPhase section */

/* Begin PBXTargetDependency section */
		8BE7187427480687003C5CC9 /* PBXTargetDependency */ = {
			isa = PBXTargetDependency;
			target = 8BE7185B27480685003C5CC9 /* LoginWithMVVM */;
			targetProxy = 8BE7187327480687003C5CC9 /* PBXContainerItemProxy */;
		};
		8BE7187E27480687003C5CC9 /* PBXTargetDependency */ = {
			isa = PBXTargetDependency;
			target = 8BE7185B27480685003C5CC9 /* LoginWithMVVM */;
			targetProxy = 8BE7187D27480687003C5CC9 /* PBXContainerItemProxy */;
		};
/* End PBXTargetDependency section */

/* Begin PBXVariantGroup section */
		8BE7186527480685003C5CC9 /* Main.storyboard */ = {
			isa = PBXVariantGroup;
			children = (
				8BE7186627480685003C5CC9 /* Base */,
			);
			name = Main.storyboard;
			sourceTree = "<group>";
		};
		8BE7186A27480687003C5CC9 /* LaunchScreen.storyboard */ = {
			isa = PBXVariantGroup;
			children = (
				8BE7186B27480687003C5CC9 /* Base */,
			);
			name = LaunchScreen.storyboard;
			sourceTree = "<group>";
		};
/* End PBXVariantGroup section */

/* Begin XCBuildConfiguration section */
		8BE7188427480687003C5CC9 /* Debug */ = {
			isa = XCBuildConfiguration;
			buildSettings = {
				ALWAYS_SEARCH_USER_PATHS = NO;
				CLANG_ANALYZER_NONNULL = YES;
				CLANG_ANALYZER_NUMBER_OBJECT_CONVERSION = YES_AGGRESSIVE;
				CLANG_CXX_LANGUAGE_STANDARD = "gnu++17";
				CLANG_CXX_LIBRARY = "libc++";
				CLANG_ENABLE_MODULES = YES;
				CLANG_ENABLE_OBJC_ARC = YES;
				CLANG_ENABLE_OBJC_WEAK = YES;
				CLANG_WARN_BLOCK_CAPTURE_AUTORELEASING = YES;
				CLANG_WARN_BOOL_CONVERSION = YES;
				CLANG_WARN_COMMA = YES;
				CLANG_WARN_CONSTANT_CONVERSION = YES;
				CLANG_WARN_DEPRECATED_OBJC_IMPLEMENTATIONS = YES;
				CLANG_WARN_DIRECT_OBJC_ISA_USAGE = YES_ERROR;
				CLANG_WARN_DOCUMENTATION_COMMENTS = YES;
				CLANG_WARN_EMPTY_BODY = YES;
				CLANG_WARN_ENUM_CONVERSION = YES;
				CLANG_WARN_INFINITE_RECURSION = YES;
				CLANG_WARN_INT_CONVERSION = YES;
				CLANG_WARN_NON_LITERAL_NULL_CONVERSION = YES;
				CLANG_WARN_OBJC_IMPLICIT_RETAIN_SELF = YES;
				CLANG_WARN_OBJC_LITERAL_CONVERSION = YES;
				CLANG_WARN_OBJC_ROOT_CLASS = YES_ERROR;
				CLANG_WARN_QUOTED_INCLUDE_IN_FRAMEWORK_HEADER = YES;
				CLANG_WARN_RANGE_LOOP_ANALYSIS = YES;
				CLANG_WARN_STRICT_PROTOTYPES = YES;
				CLANG_WARN_SUSPICIOUS_MOVE = YES;
				CLANG_WARN_UNGUARDED_AVAILABILITY = YES_AGGRESSIVE;
				CLANG_WARN_UNREACHABLE_CODE = YES;
				CLANG_WARN__DUPLICATE_METHOD_MATCH = YES;
				COPY_PHASE_STRIP = NO;
				DEBUG_INFORMATION_FORMAT = dwarf;
				ENABLE_STRICT_OBJC_MSGSEND = YES;
				ENABLE_TESTABILITY = YES;
				GCC_C_LANGUAGE_STANDARD = gnu11;
				GCC_DYNAMIC_NO_PIC = NO;
				GCC_NO_COMMON_BLOCKS = YES;
				GCC_OPTIMIZATION_LEVEL = 0;
				GCC_PREPROCESSOR_DEFINITIONS = (
					"DEBUG=1",
					"$(inherited)",
				);
				GCC_WARN_64_TO_32_BIT_CONVERSION = YES;
				GCC_WARN_ABOUT_RETURN_TYPE = YES_ERROR;
				GCC_WARN_UNDECLARED_SELECTOR = YES;
				GCC_WARN_UNINITIALIZED_AUTOS = YES_AGGRESSIVE;
				GCC_WARN_UNUSED_FUNCTION = YES;
				GCC_WARN_UNUSED_VARIABLE = YES;
				IPHONEOS_DEPLOYMENT_TARGET = 15.0;
				MTL_ENABLE_DEBUG_INFO = INCLUDE_SOURCE;
				MTL_FAST_MATH = YES;
				ONLY_ACTIVE_ARCH = YES;
				SDKROOT = iphoneos;
				SWIFT_ACTIVE_COMPILATION_CONDITIONS = DEBUG;
				SWIFT_OPTIMIZATION_LEVEL = "-Onone";
			};
			name = Debug;
		};
		8BE7188527480687003C5CC9 /* Release */ = {
			isa = XCBuildConfiguration;
			buildSettings = {
				ALWAYS_SEARCH_USER_PATHS = NO;
				CLANG_ANALYZER_NONNULL = YES;
				CLANG_ANALYZER_NUMBER_OBJECT_CONVERSION = YES_AGGRESSIVE;
				CLANG_CXX_LANGUAGE_STANDARD = "gnu++17";
				CLANG_CXX_LIBRARY = "libc++";
				CLANG_ENABLE_MODULES = YES;
				CLANG_ENABLE_OBJC_ARC = YES;
				CLANG_ENABLE_OBJC_WEAK = YES;
				CLANG_WARN_BLOCK_CAPTURE_AUTORELEASING = YES;
				CLANG_WARN_BOOL_CONVERSION = YES;
				CLANG_WARN_COMMA = YES;
				CLANG_WARN_CONSTANT_CONVERSION = YES;
				CLANG_WARN_DEPRECATED_OBJC_IMPLEMENTATIONS = YES;
				CLANG_WARN_DIRECT_OBJC_ISA_USAGE = YES_ERROR;
				CLANG_WARN_DOCUMENTATION_COMMENTS = YES;
				CLANG_WARN_EMPTY_BODY = YES;
				CLANG_WARN_ENUM_CONVERSION = YES;
				CLANG_WARN_INFINITE_RECURSION = YES;
				CLANG_WARN_INT_CONVERSION = YES;
				CLANG_WARN_NON_LITERAL_NULL_CONVERSION = YES;
				CLANG_WARN_OBJC_IMPLICIT_RETAIN_SELF = YES;
				CLANG_WARN_OBJC_LITERAL_CONVERSION = YES;
				CLANG_WARN_OBJC_ROOT_CLASS = YES_ERROR;
				CLANG_WARN_QUOTED_INCLUDE_IN_FRAMEWORK_HEADER = YES;
				CLANG_WARN_RANGE_LOOP_ANALYSIS = YES;
				CLANG_WARN_STRICT_PROTOTYPES = YES;
				CLANG_WARN_SUSPICIOUS_MOVE = YES;
				CLANG_WARN_UNGUARDED_AVAILABILITY = YES_AGGRESSIVE;
				CLANG_WARN_UNREACHABLE_CODE = YES;
				CLANG_WARN__DUPLICATE_METHOD_MATCH = YES;
				COPY_PHASE_STRIP = NO;
				DEBUG_INFORMATION_FORMAT = "dwarf-with-dsym";
				ENABLE_NS_ASSERTIONS = NO;
				ENABLE_STRICT_OBJC_MSGSEND = YES;
				GCC_C_LANGUAGE_STANDARD = gnu11;
				GCC_NO_COMMON_BLOCKS = YES;
				GCC_WARN_64_TO_32_BIT_CONVERSION = YES;
				GCC_WARN_ABOUT_RETURN_TYPE = YES_ERROR;
				GCC_WARN_UNDECLARED_SELECTOR = YES;
				GCC_WARN_UNINITIALIZED_AUTOS = YES_AGGRESSIVE;
				GCC_WARN_UNUSED_FUNCTION = YES;
				GCC_WARN_UNUSED_VARIABLE = YES;
				IPHONEOS_DEPLOYMENT_TARGET = 15.0;
				MTL_ENABLE_DEBUG_INFO = NO;
				MTL_FAST_MATH = YES;
				SDKROOT = iphoneos;
				SWIFT_COMPILATION_MODE = wholemodule;
				SWIFT_OPTIMIZATION_LEVEL = "-O";
				VALIDATE_PRODUCT = YES;
			};
			name = Release;
		};
		8BE7188727480687003C5CC9 /* Debug */ = {
			isa = XCBuildConfiguration;
			buildSettings = {
				ASSETCATALOG_COMPILER_APPICON_NAME = AppIcon;
				ASSETCATALOG_COMPILER_GLOBAL_ACCENT_COLOR_NAME = AccentColor;
				CODE_SIGN_STYLE = Automatic;
				CURRENT_PROJECT_VERSION = 1;
				DEVELOPMENT_TEAM = A6AMFR9VNT;
				GENERATE_INFOPLIST_FILE = YES;
				INFOPLIST_FILE = LoginWithMVVM/Info.plist;
				INFOPLIST_KEY_UIApplicationSupportsIndirectInputEvents = YES;
				INFOPLIST_KEY_UILaunchStoryboardName = LaunchScreen;
				INFOPLIST_KEY_UIMainStoryboardFile = Main;
				INFOPLIST_KEY_UISupportedInterfaceOrientations_iPad = "UIInterfaceOrientationPortrait UIInterfaceOrientationPortraitUpsideDown UIInterfaceOrientationLandscapeLeft UIInterfaceOrientationLandscapeRight";
				INFOPLIST_KEY_UISupportedInterfaceOrientations_iPhone = "UIInterfaceOrientationPortrait UIInterfaceOrientationLandscapeLeft UIInterfaceOrientationLandscapeRight";
				LD_RUNPATH_SEARCH_PATHS = (
					"$(inherited)",
					"@executable_path/Frameworks",
				);
				MARKETING_VERSION = 1.0;
				PRODUCT_BUNDLE_IDENTIFIER = com.meguslt.dispature.LoginWithMVVM;
				PRODUCT_NAME = "$(TARGET_NAME)";
				SWIFT_EMIT_LOC_STRINGS = YES;
				SWIFT_VERSION = 5.0;
				TARGETED_DEVICE_FAMILY = "1,2";
			};
			name = Debug;
		};
		8BE7188827480687003C5CC9 /* Release */ = {
			isa = XCBuildConfiguration;
			buildSettings = {
				ASSETCATALOG_COMPILER_APPICON_NAME = AppIcon;
				ASSETCATALOG_COMPILER_GLOBAL_ACCENT_COLOR_NAME = AccentColor;
				CODE_SIGN_STYLE = Automatic;
				CURRENT_PROJECT_VERSION = 1;
				DEVELOPMENT_TEAM = A6AMFR9VNT;
				GENERATE_INFOPLIST_FILE = YES;
				INFOPLIST_FILE = LoginWithMVVM/Info.plist;
				INFOPLIST_KEY_UIApplicationSupportsIndirectInputEvents = YES;
				INFOPLIST_KEY_UILaunchStoryboardName = LaunchScreen;
				INFOPLIST_KEY_UIMainStoryboardFile = Main;
				INFOPLIST_KEY_UISupportedInterfaceOrientations_iPad = "UIInterfaceOrientationPortrait UIInterfaceOrientationPortraitUpsideDown UIInterfaceOrientationLandscapeLeft UIInterfaceOrientationLandscapeRight";
				INFOPLIST_KEY_UISupportedInterfaceOrientations_iPhone = "UIInterfaceOrientationPortrait UIInterfaceOrientationLandscapeLeft UIInterfaceOrientationLandscapeRight";
				LD_RUNPATH_SEARCH_PATHS = (
					"$(inherited)",
					"@executable_path/Frameworks",
				);
				MARKETING_VERSION = 1.0;
				PRODUCT_BUNDLE_IDENTIFIER = com.meguslt.dispature.LoginWithMVVM;
				PRODUCT_NAME = "$(TARGET_NAME)";
				SWIFT_EMIT_LOC_STRINGS = YES;
				SWIFT_VERSION = 5.0;
				TARGETED_DEVICE_FAMILY = "1,2";
			};
			name = Release;
		};
		8BE7188A27480687003C5CC9 /* Debug */ = {
			isa = XCBuildConfiguration;
			buildSettings = {
				ALWAYS_EMBED_SWIFT_STANDARD_LIBRARIES = YES;
				BUNDLE_LOADER = "$(TEST_HOST)";
				CODE_SIGN_STYLE = Automatic;
				CURRENT_PROJECT_VERSION = 1;
				DEVELOPMENT_TEAM = A6AMFR9VNT;
				GENERATE_INFOPLIST_FILE = YES;
				IPHONEOS_DEPLOYMENT_TARGET = 15.0;
				LD_RUNPATH_SEARCH_PATHS = (
					"$(inherited)",
					"@executable_path/Frameworks",
					"@loader_path/Frameworks",
				);
				MARKETING_VERSION = 1.0;
				PRODUCT_BUNDLE_IDENTIFIER = com.meguslt.dispature.LoginWithMVVMTests;
				PRODUCT_NAME = "$(TARGET_NAME)";
				SWIFT_EMIT_LOC_STRINGS = NO;
				SWIFT_VERSION = 5.0;
				TARGETED_DEVICE_FAMILY = "1,2";
				TEST_HOST = "$(BUILT_PRODUCTS_DIR)/LoginWithMVVM.app/LoginWithMVVM";
			};
			name = Debug;
		};
		8BE7188B27480687003C5CC9 /* Release */ = {
			isa = XCBuildConfiguration;
			buildSettings = {
				ALWAYS_EMBED_SWIFT_STANDARD_LIBRARIES = YES;
				BUNDLE_LOADER = "$(TEST_HOST)";
				CODE_SIGN_STYLE = Automatic;
				CURRENT_PROJECT_VERSION = 1;
				DEVELOPMENT_TEAM = A6AMFR9VNT;
				GENERATE_INFOPLIST_FILE = YES;
				IPHONEOS_DEPLOYMENT_TARGET = 15.0;
				LD_RUNPATH_SEARCH_PATHS = (
					"$(inherited)",
					"@executable_path/Frameworks",
					"@loader_path/Frameworks",
				);
				MARKETING_VERSION = 1.0;
				PRODUCT_BUNDLE_IDENTIFIER = com.meguslt.dispature.LoginWithMVVMTests;
				PRODUCT_NAME = "$(TARGET_NAME)";
				SWIFT_EMIT_LOC_STRINGS = NO;
				SWIFT_VERSION = 5.0;
				TARGETED_DEVICE_FAMILY = "1,2";
				TEST_HOST = "$(BUILT_PRODUCTS_DIR)/LoginWithMVVM.app/LoginWithMVVM";
			};
			name = Release;
		};
		8BE7188D27480687003C5CC9 /* Debug */ = {
			isa = XCBuildConfiguration;
			buildSettings = {
				ALWAYS_EMBED_SWIFT_STANDARD_LIBRARIES = YES;
				CODE_SIGN_STYLE = Automatic;
				CURRENT_PROJECT_VERSION = 1;
				DEVELOPMENT_TEAM = A6AMFR9VNT;
				GENERATE_INFOPLIST_FILE = YES;
				LD_RUNPATH_SEARCH_PATHS = (
					"$(inherited)",
					"@executable_path/Frameworks",
					"@loader_path/Frameworks",
				);
				MARKETING_VERSION = 1.0;
				PRODUCT_BUNDLE_IDENTIFIER = com.meguslt.dispature.LoginWithMVVMUITests;
				PRODUCT_NAME = "$(TARGET_NAME)";
				SWIFT_EMIT_LOC_STRINGS = NO;
				SWIFT_VERSION = 5.0;
				TARGETED_DEVICE_FAMILY = "1,2";
				TEST_TARGET_NAME = LoginWithMVVM;
			};
			name = Debug;
		};
		8BE7188E27480687003C5CC9 /* Release */ = {
			isa = XCBuildConfiguration;
			buildSettings = {
				ALWAYS_EMBED_SWIFT_STANDARD_LIBRARIES = YES;
				CODE_SIGN_STYLE = Automatic;
				CURRENT_PROJECT_VERSION = 1;
				DEVELOPMENT_TEAM = A6AMFR9VNT;
				GENERATE_INFOPLIST_FILE = YES;
				LD_RUNPATH_SEARCH_PATHS = (
					"$(inherited)",
					"@executable_path/Frameworks",
					"@loader_path/Frameworks",
				);
				MARKETING_VERSION = 1.0;
				PRODUCT_BUNDLE_IDENTIFIER = com.meguslt.dispature.LoginWithMVVMUITests;
				PRODUCT_NAME = "$(TARGET_NAME)";
				SWIFT_EMIT_LOC_STRINGS = NO;
				SWIFT_VERSION = 5.0;
				TARGETED_DEVICE_FAMILY = "1,2";
				TEST_TARGET_NAME = LoginWithMVVM;
			};
			name = Release;
		};
/* End XCBuildConfiguration section */

/* Begin XCConfigurationList section */
		8BE7185727480685003C5CC9 /* Build configuration list for PBXProject "LoginWithMVVM" */ = {
			isa = XCConfigurationList;
			buildConfigurations = (
				8BE7188427480687003C5CC9 /* Debug */,
				8BE7188527480687003C5CC9 /* Release */,
			);
			defaultConfigurationIsVisible = 0;
			defaultConfigurationName = Release;
		};
		8BE7188627480687003C5CC9 /* Build configuration list for PBXNativeTarget "LoginWithMVVM" */ = {
			isa = XCConfigurationList;
			buildConfigurations = (
				8BE7188727480687003C5CC9 /* Debug */,
				8BE7188827480687003C5CC9 /* Release */,
			);
			defaultConfigurationIsVisible = 0;
			defaultConfigurationName = Release;
		};
		8BE7188927480687003C5CC9 /* Build configuration list for PBXNativeTarget "LoginWithMVVMTests" */ = {
			isa = XCConfigurationList;
			buildConfigurations = (
				8BE7188A27480687003C5CC9 /* Debug */,
				8BE7188B27480687003C5CC9 /* Release */,
			);
			defaultConfigurationIsVisible = 0;
			defaultConfigurationName = Release;
		};
		8BE7188C27480687003C5CC9 /* Build configuration list for PBXNativeTarget "LoginWithMVVMUITests" */ = {
			isa = XCConfigurationList;
			buildConfigurations = (
				8BE7188D27480687003C5CC9 /* Debug */,
				8BE7188E27480687003C5CC9 /* Release */,
			);
			defaultConfigurationIsVisible = 0;
			defaultConfigurationName = Release;
		};
/* End XCConfigurationList section */
	};
	rootObject = 8BE7185427480685003C5CC9 /* Project object */;
}
